
Microsoft Visual Studio Solution File, Format Version 12.00
# Visual Studio Version 16
VisualStudioVersion = 16.0.34114.132
MinimumVisualStudioVersion = 10.0.40219.1
Project("{FAE04EC0-301F-11D3-BF4B-00C04F79EFBC}") = "Proyecto-Photos-Adventure-Works", "Proyecto-Photos-Adventure-Works.csproj", "{D3D81151-4D39-42BD-9DA5-0AA78E0AEB7C}"
EndProject
Global
	GlobalSection(SolutionConfigurationPlatforms) = preSolution
		Debug|Any CPU = Debug|Any CPU
		Release|Any CPU = Release|Any CPU
	EndGlobalSection
	GlobalSection(ProjectConfigurationPlatforms) = postSolution
		{D3D81151-4D39-42BD-9DA5-0AA78E0AEB7C}.Debug|Any CPU.ActiveCfg = Debug|Any CPU
		{D3D81151-4D39-42BD-9DA5-0AA78E0AEB7C}.Debug|Any CPU.Build.0 = Debug|Any CPU
		{D3D81151-4D39-42BD-9DA5-0AA78E0AEB7C}.Release|Any CPU.ActiveCfg = Release|Any CPU
		{D3D81151-4D39-42BD-9DA5-0AA78E0AEB7C}.Release|Any CPU.Build.0 = Release|Any CPU
	EndGlobalSection
	GlobalSection(SolutionProperties) = preSolution
		HideSolutionNode = FALSE
	EndGlobalSection
	GlobalSection(ExtensibilityGlobals) = postSolution
		SolutionGuid = {EA74E97E-48D2-4F9C-B2F1-DB82D9596975}
	EndGlobalSection
EndGlobal
